// !$*UTF8*$!
{
	archiveVersion = 1;
	classes = {
	};
	objectVersion = 46;
	objects = {

/* Begin PBXBuildFile section */
		83AEBD731CF7FDFC00DB8FCE /* AppDelegate.swift in Sources */ = {isa = PBXBuildFile; fileRef = 83AEBD721CF7FDFC00DB8FCE /* AppDelegate.swift */; };
		83AEBD751CF7FDFC00DB8FCE /* ViewController.swift in Sources */ = {isa = PBXBuildFile; fileRef = 83AEBD741CF7FDFC00DB8FCE /* ViewController.swift */; };
		83AEBD781CF7FDFC00DB8FCE /* Main.storyboard in Resources */ = {isa = PBXBuildFile; fileRef = 83AEBD761CF7FDFC00DB8FCE /* Main.storyboard */; };
		83AEBD7A1CF7FDFC00DB8FCE /* Assets.xcassets in Resources */ = {isa = PBXBuildFile; fileRef = 83AEBD791CF7FDFC00DB8FCE /* Assets.xcassets */; };
		83AEBD7D1CF7FDFC00DB8FCE /* LaunchScreen.storyboard in Resources */ = {isa = PBXBuildFile; fileRef = 83AEBD7B1CF7FDFC00DB8FCE /* LaunchScreen.storyboard */; };
		83BBEDEF1CFB7E4200EA5588 /* DragImage.swift in Sources */ = {isa = PBXBuildFile; fileRef = 83BBEDEE1CFB7E4200EA5588 /* DragImage.swift */; };
		83BBEDF11CFC1FD400EA5588 /* MonsterImageView.swift in Sources */ = {isa = PBXBuildFile; fileRef = 83BBEDF01CFC1FD400EA5588 /* MonsterImageView.swift */; };
		83BBEDF81CFC344800EA5588 /* bite.wav in Resources */ = {isa = PBXBuildFile; fileRef = 83BBEDF31CFC344800EA5588 /* bite.wav */; };
		83BBEDF91CFC344800EA5588 /* cave-music.mp3 in Resources */ = {isa = PBXBuildFile; fileRef = 83BBEDF41CFC344800EA5588 /* cave-music.mp3 */; };
		83BBEDFA1CFC344800EA5588 /* death.wav in Resources */ = {isa = PBXBuildFile; fileRef = 83BBEDF51CFC344800EA5588 /* death.wav */; };
		83BBEDFB1CFC344800EA5588 /* heart.wav in Resources */ = {isa = PBXBuildFile; fileRef = 83BBEDF61CFC344800EA5588 /* heart.wav */; };
		83BBEDFC1CFC344800EA5588 /* skull.wav in Resources */ = {isa = PBXBuildFile; fileRef = 83BBEDF71CFC344800EA5588 /* skull.wav */; };
/* End PBXBuildFile section */

/* Begin PBXFileReference section */
		83AEBD6F1CF7FDFC00DB8FCE /* mylittlemonster.app */ = {isa = PBXFileReference; explicitFileType = wrapper.application; includeInIndex = 0; path = mylittlemonster.app; sourceTree = BUILT_PRODUCTS_DIR; };
		83AEBD721CF7FDFC00DB8FCE /* AppDelegate.swift */ = {isa = PBXFileReference; lastKnownFileType = sourcecode.swift; path = AppDelegate.swift; sourceTree = "<group>"; };
		83AEBD741CF7FDFC00DB8FCE /* ViewController.swift */ = {isa = PBXFileReference; lastKnownFileType = sourcecode.swift; path = ViewController.swift; sourceTree = "<group>"; };
		83AEBD771CF7FDFC00DB8FCE /* Base */ = {isa = PBXFileReference; lastKnownFileType = file.storyboard; name = Base; path = Base.lproj/Main.storyboard; sourceTree = "<group>"; };
		83AEBD791CF7FDFC00DB8FCE /* Assets.xcassets */ = {isa = PBXFileReference; lastKnownFileType = folder.assetcatalog; path = Assets.xcassets; sourceTree = "<group>"; };
		83AEBD7C1CF7FDFC00DB8FCE /* Base */ = {isa = PBXFileReference; lastKnownFileType = file.storyboard; name = Base; path = Base.lproj/LaunchScreen.storyboard; sourceTree = "<group>"; };
		83AEBD7E1CF7FDFC00DB8FCE /* Info.plist */ = {isa = PBXFileReference; lastKnownFileType = text.plist.xml; path = Info.plist; sourceTree = "<group>"; };
		83BBEDEE1CFB7E4200EA5588 /* DragImage.swift */ = {isa = PBXFileReference; fileEncoding = 4; lastKnownFileType = sourcecode.swift; path = DragImage.swift; sourceTree = "<group>"; };
		83BBEDF01CFC1FD400EA5588 /* MonsterImageView.swift */ = {isa = PBXFileReference; fileEncoding = 4; lastKnownFileType = sourcecode.swift; path = MonsterImageView.swift; sourceTree = "<group>"; };
		83BBEDF31CFC344800EA5588 /* bite.wav */ = {isa = PBXFileReference; lastKnownFileType = audio.wav; path = bite.wav; sourceTree = "<group>"; };
		83BBEDF41CFC344800EA5588 /* cave-music.mp3 */ = {isa = PBXFileReference; lastKnownFileType = audio.mp3; path = "cave-music.mp3"; sourceTree = "<group>"; };
		83BBEDF51CFC344800EA5588 /* death.wav */ = {isa = PBXFileReference; lastKnownFileType = audio.wav; path = death.wav; sourceTree = "<group>"; };
		83BBEDF61CFC344800EA5588 /* heart.wav */ = {isa = PBXFileReference; lastKnownFileType = audio.wav; path = heart.wav; sourceTree = "<group>"; };
		83BBEDF71CFC344800EA5588 /* skull.wav */ = {isa = PBXFileReference; lastKnownFileType = audio.wav; path = skull.wav; sourceTree = "<group>"; };
/* End PBXFileReference section */

/* Begin PBXFrameworksBuildPhase section */
		83AEBD6C1CF7FDFC00DB8FCE /* Frameworks */ = {
			isa = PBXFrameworksBuildPhase;
			buildActionMask = 2147483647;
			files = (
			);
			runOnlyForDeploymentPostprocessing = 0;
		};
/* End PBXFrameworksBuildPhase section */

/* Begin PBXGroup section */
		83AEBD661CF7FDFC00DB8FCE = {
			isa = PBXGroup;
			children = (
				83AEBD711CF7FDFC00DB8FCE /* mylittlemonster */,
				83AEBD701CF7FDFC00DB8FCE /* Products */,
			);
			sourceTree = "<group>";
		};
		83AEBD701CF7FDFC00DB8FCE /* Products */ = {
			isa = PBXGroup;
			children = (
				83AEBD6F1CF7FDFC00DB8FCE /* mylittlemonster.app */,
			);
			name = Products;
			sourceTree = "<group>";
		};
		83AEBD711CF7FDFC00DB8FCE /* mylittlemonster */ = {
			isa = PBXGroup;
			children = (
				83BBEDF21CFC343A00EA5588 /* SoundFiles */,
				83AEBD721CF7FDFC00DB8FCE /* AppDelegate.swift */,
				83AEBD741CF7FDFC00DB8FCE /* ViewController.swift */,
				83BBEDEE1CFB7E4200EA5588 /* DragImage.swift */,
				83BBEDF01CFC1FD400EA5588 /* MonsterImageView.swift */,
				83AEBD761CF7FDFC00DB8FCE /* Main.storyboard */,
				83AEBD791CF7FDFC00DB8FCE /* Assets.xcassets */,
				83AEBD7B1CF7FDFC00DB8FCE /* LaunchScreen.storyboard */,
				83AEBD7E1CF7FDFC00DB8FCE /* Info.plist */,
			);
			path = mylittlemonster;
			sourceTree = "<group>";
		};
		83BBEDF21CFC343A00EA5588 /* SoundFiles */ = {
			isa = PBXGroup;
			children = (
				83BBEDF31CFC344800EA5588 /* bite.wav */,
				83BBEDF41CFC344800EA5588 /* cave-music.mp3 */,
				83BBEDF51CFC344800EA5588 /* death.wav */,
				83BBEDF61CFC344800EA5588 /* heart.wav */,
				83BBEDF71CFC344800EA5588 /* skull.wav */,
			);
			name = SoundFiles;
			sourceTree = "<group>";
		};
/* End PBXGroup section */

/* Begin PBXNativeTarget section */
		83AEBD6E1CF7FDFC00DB8FCE /* mylittlemonster */ = {
			isa = PBXNativeTarget;
			buildConfigurationList = 83AEBD811CF7FDFC00DB8FCE /* Build configuration list for PBXNativeTarget "mylittlemonster" */;
			buildPhases = (
				83AEBD6B1CF7FDFC00DB8FCE /* Sources */,
				83AEBD6C1CF7FDFC00DB8FCE /* Frameworks */,
				83AEBD6D1CF7FDFC00DB8FCE /* Resources */,
			);
			buildRules = (
			);
			dependencies = (
			);
			name = mylittlemonster;
			productName = mylittlemonster;
			productReference = 83AEBD6F1CF7FDFC00DB8FCE /* mylittlemonster.app */;
			productType = "com.apple.product-type.application";
		};
/* End PBXNativeTarget section */

/* Begin PBXProject section */
		83AEBD671CF7FDFC00DB8FCE /* Project object */ = {
			isa = PBXProject;
			attributes = {
				LastSwiftUpdateCheck = 0730;
				LastUpgradeCheck = 0730;
				ORGANIZATIONNAME = "Chris Nowak Tho, LLC";
				TargetAttributes = {
					83AEBD6E1CF7FDFC00DB8FCE = {
						CreatedOnToolsVersion = 7.3.1;
					};
				};
			};
			buildConfigurationList = 83AEBD6A1CF7FDFC00DB8FCE /* Build configuration list for PBXProject "mylittlemonster" */;
			compatibilityVersion = "Xcode 3.2";
			developmentRegion = English;
			hasScannedForEncodings = 0;
			knownRegions = (
				en,
				Base,
			);
			mainGroup = 83AEBD661CF7FDFC00DB8FCE;
			productRefGroup = 83AEBD701CF7FDFC00DB8FCE /* Products */;
			projectDirPath = "";
			projectRoot = "";
			targets = (
				83AEBD6E1CF7FDFC00DB8FCE /* mylittlemonster */,
			);
		};
/* End PBXProject section */

/* Begin PBXResourcesBuildPhase section */
		83AEBD6D1CF7FDFC00DB8FCE /* Resources */ = {
			isa = PBXResourcesBuildPhase;
			buildActionMask = 2147483647;
			files = (
				83BBEDFC1CFC344800EA5588 /* skull.wav in Resources */,
				83BBEDF81CFC344800EA5588 /* bite.wav in Resources */,
				83BBEDFA1CFC344800EA5588 /* death.wav in Resources */,
				83BBEDFB1CFC344800EA5588 /* heart.wav in Resources */,
				83BBEDF91CFC344800EA5588 /* cave-music.mp3 in Resources */,
				83AEBD7D1CF7FDFC00DB8FCE /* LaunchScreen.storyboard in Resources */,
				83AEBD7A1CF7FDFC00DB8FCE /* Assets.xcassets in Resources */,
				83AEBD781CF7FDFC00DB8FCE /* Main.storyboard in Resources */,
			);
			runOnlyForDeploymentPostprocessing = 0;
		};
/* End PBXResourcesBuildPhase section */

/* Begin PBXSourcesBuildPhase section */
		83AEBD6B1CF7FDFC00DB8FCE /* Sources */ = {
			isa = PBXSourcesBuildPhase;
			buildActionMask = 2147483647;
			files = (
				83AEBD751CF7FDFC00DB8FCE /* ViewController.swift in Sources */,
				83BBEDEF1CFB7E4200EA5588 /* DragImage.swift in Sources */,
				83AEBD731CF7FDFC00DB8FCE /* AppDelegate.swift in Sources */,
				83BBEDF11CFC1FD400EA5588 /* MonsterImageView.swift in Sources */,
			);
			runOnlyForDeploymentPostprocessing = 0;
		};
/* End PBXSourcesBuildPhase section */

/* Begin PBXVariantGroup section */
		83AEBD761CF7FDFC00DB8FCE /* Main.storyboard */ = {
			isa = PBXVariantGroup;
			children = (
				83AEBD771CF7FDFC00DB8FCE /* Base */,
			);
			name = Main.storyboard;
			sourceTree = "<group>";
		};
		83AEBD7B1CF7FDFC00DB8FCE /* LaunchScreen.storyboard */ = {
			isa = PBXVariantGroup;
			children = (
				83AEBD7C1CF7FDFC00DB8FCE /* Base */,
			);
			name = LaunchScreen.storyboard;
			sourceTree = "<group>";
		};
/* End PBXVariantGroup section */

/* Begin XCBuildConfiguration section */
		83AEBD7F1CF7FDFC00DB8FCE /* Debug */ = {
			isa = XCBuildConfiguration;
			buildSettings = {
				ALWAYS_SEARCH_USER_PATHS = NO;
				CLANG_ANALYZER_NONNULL = YES;
				CLANG_CXX_LANGUAGE_STANDARD = "gnu++0x";
				CLANG_CXX_LIBRARY = "libc++";
				CLANG_ENABLE_MODULES = YES;
				CLANG_ENABLE_OBJC_ARC = YES;
				CLANG_WARN_BOOL_CONVERSION = YES;
				CLANG_WARN_CONSTANT_CONVERSION = YES;
				CLANG_WARN_DIRECT_OBJC_ISA_USAGE = YES_ERROR;
				CLANG_WARN_EMPTY_BODY = YES;
				CLANG_WARN_ENUM_CONVERSION = YES;
				CLANG_WARN_INT_CONVERSION = YES;
				CLANG_WARN_OBJC_ROOT_CLASS = YES_ERROR;
				CLANG_WARN_UNREACHABLE_CODE = YES;
				CLANG_WARN__DUPLICATE_METHOD_MATCH = YES;
				"CODE_SIGN_IDENTITY[sdk=iphoneos*]" = "iPhone Developer";
				COPY_PHASE_STRIP = NO;
				DEBUG_INFORMATION_FORMAT = dwarf;
				ENABLE_STRICT_OBJC_MSGSEND = YES;
				ENABLE_TESTABILITY = YES;
				GCC_C_LANGUAGE_STANDARD = gnu99;
				GCC_DYNAMIC_NO_PIC = NO;
				GCC_NO_COMMON_BLOCKS = YES;
				GCC_OPTIMIZATION_LEVEL = 0;
				GCC_PREPROCESSOR_DEFINITIONS = (
					"DEBUG=1",
					"$(inherited)",
				);
				GCC_WARN_64_TO_32_BIT_CONVERSION = YES;
				GCC_WARN_ABOUT_RETURN_TYPE = YES_ERROR;
				GCC_WARN_UNDECLARED_SELECTOR = YES;
				GCC_WARN_UNINITIALIZED_AUTOS = YES_AGGRESSIVE;
				GCC_WARN_UNUSED_FUNCTION = YES;
				GCC_WARN_UNUSED_VARIABLE = YES;
				IPHONEOS_DEPLOYMENT_TARGET = 9.3;
				MTL_ENABLE_DEBUG_INFO = YES;
				ONLY_ACTIVE_ARCH = YES;
				SDKROOT = iphoneos;
				SWIFT_OPTIMIZATION_LEVEL = "-Onone";
				TARGETED_DEVICE_FAMILY = "1,2";
			};
			name = Debug;
		};
		83AEBD801CF7FDFC00DB8FCE /* Release */ = {
			isa = XCBuildConfiguration;
			buildSettings = {
				ALWAYS_SEARCH_USER_PATHS = NO;
				CLANG_ANALYZER_NONNULL = YES;
				CLANG_CXX_LANGUAGE_STANDARD = "gnu++0x";
				CLANG_CXX_LIBRARY = "libc++";
				CLANG_ENABLE_MODULES = YES;
				CLANG_ENABLE_OBJC_ARC = YES;
				CLANG_WARN_BOOL_CONVERSION = YES;
				CLANG_WARN_CONSTANT_CONVERSION = YES;
				CLANG_WARN_DIRECT_OBJC_ISA_USAGE = YES_ERROR;
				CLANG_WARN_EMPTY_BODY = YES;
				CLANG_WARN_ENUM_CONVERSION = YES;
				CLANG_WARN_INT_CONVERSION = YES;
				CLANG_WARN_OBJC_ROOT_CLASS = YES_ERROR;
				CLANG_WARN_UNREACHABLE_CODE = YES;
				CLANG_WARN__DUPLICATE_METHOD_MATCH = YES;
				"CODE_SIGN_IDENTITY[sdk=iphoneos*]" = "iPhone Developer";
				COPY_PHASE_STRIP = NO;
				DEBUG_INFORMATION_FORMAT = "dwarf-with-dsym";
				ENABLE_NS_ASSERTIONS = NO;
				ENABLE_STRICT_OBJC_MSGSEND = YES;
				GCC_C_LANGUAGE_STANDARD = gnu99;
				GCC_NO_COMMON_BLOCKS = YES;
				GCC_WARN_64_TO_32_BIT_CONVERSION = YES;
				GCC_WARN_ABOUT_RETURN_TYPE = YES_ERROR;
				GCC_WARN_UNDECLARED_SELECTOR = YES;
				GCC_WARN_UNINITIALIZED_AUTOS = YES_AGGRESSIVE;
				GCC_WARN_UNUSED_FUNCTION = YES;
				GCC_WARN_UNUSED_VARIABLE = YES;
				IPHONEOS_DEPLOYMENT_TARGET = 9.3;
				MTL_ENABLE_DEBUG_INFO = NO;
				SDKROOT = iphoneos;
				TARGETED_DEVICE_FAMILY = "1,2";
				VALIDATE_PRODUCT = YES;
			};
			name = Release;
		};
		83AEBD821CF7FDFC00DB8FCE /* Debug */ = {
			isa = XCBuildConfiguration;
			buildSettings = {
				ASSETCATALOG_COMPILER_APPICON_NAME = AppIcon;
				INFOPLIST_FILE = mylittlemonster/Info.plist;
				LD_RUNPATH_SEARCH_PATHS = "$(inherited) @executable_path/Frameworks";
				PRODUCT_BUNDLE_IDENTIFIER = com.chrisNowakTho.mylittlemonster;
				PRODUCT_NAME = "$(TARGET_NAME)";
			};
			name = Debug;
		};
		83AEBD831CF7FDFC00DB8FCE /* Release */ = {
			isa = XCBuildConfiguration;
			buildSettings = {
				ASSETCATALOG_COMPILER_APPICON_NAME = AppIcon;
				INFOPLIST_FILE = mylittlemonster/Info.plist;
				LD_RUNPATH_SEARCH_PATHS = "$(inherited) @executable_path/Frameworks";
				PRODUCT_BUNDLE_IDENTIFIER = com.chrisNowakTho.mylittlemonster;
				PRODUCT_NAME = "$(TARGET_NAME)";
			};
			name = Release;
		};
/* End XCBuildConfiguration section */

/* Begin XCConfigurationList section */
		83AEBD6A1CF7FDFC00DB8FCE /* Build configuration list for PBXProject "mylittlemonster" */ = {
			isa = XCConfigurationList;
			buildConfigurations = (
				83AEBD7F1CF7FDFC00DB8FCE /* Debug */,
				83AEBD801CF7FDFC00DB8FCE /* Release */,
			);
			defaultConfigurationIsVisible = 0;
			defaultConfigurationName = Release;
		};
		83AEBD811CF7FDFC00DB8FCE /* Build configuration list for PBXNativeTarget "mylittlemonster" */ = {
			isa = XCConfigurationList;
			buildConfigurations = (
				83AEBD821CF7FDFC00DB8FCE /* Debug */,
				83AEBD831CF7FDFC00DB8FCE /* Release */,
			);
			defaultConfigurationIsVisible = 0;
			defaultConfigurationName = Release;
		};
/* End XCConfigurationList section */
	};
	rootObject = 83AEBD671CF7FDFC00DB8FCE /* Project object */;
}
